PODS:
  - Automattic-Tracks-iOS (0.3.5):
    - CocoaLumberjack (~> 3.5.2)
    - Reachability (~> 3.1)
    - Sentry (~> 4)
    - UIDeviceIdentifier (~> 1.1.4)
  - CocoaLumberjack (3.5.3):
    - CocoaLumberjack/Core (= 3.5.3)
  - CocoaLumberjack/Core (3.5.3)
  - Reachability (3.2)
  - Sentry (4.3.4):
    - Sentry/Core (= 4.3.4)
  - Sentry/Core (4.3.4)
  - Simperium-OSX (0.8.19):
    - Simperium-OSX/DiffMatchPach (= 0.8.19)
    - Simperium-OSX/JRSwizzle (= 0.8.19)
    - Simperium-OSX/SocketRocket (= 0.8.19)
    - Simperium-OSX/SPReachability (= 0.8.19)
    - Simperium-OSX/SSKeychain (= 0.8.19)
  - Simperium-OSX/DiffMatchPach (0.8.19)
  - Simperium-OSX/JRSwizzle (0.8.19)
  - Simperium-OSX/SocketRocket (0.8.19)
  - Simperium-OSX/SPReachability (0.8.19)
  - Simperium-OSX/SSKeychain (0.8.19)
  - Sparkle (1.18.1)

DEPENDENCIES:
  - Automattic-Tracks-iOS (from `https://github.com/Automattic/Automattic-Tracks-iOS.git`, branch `add/support-for-tracking-crashes`)
  - Simperium-OSX (= 0.8.19)
  - Sparkle (= 1.18.1)

SPEC REPOS:
  https://github.com/cocoapods/specs.git:
    - CocoaLumberjack
    - Reachability
    - Sentry
    - Simperium-OSX
    - Sparkle

EXTERNAL SOURCES:
  Automattic-Tracks-iOS:
    :branch: add/support-for-tracking-crashes
    :git: https://github.com/Automattic/Automattic-Tracks-iOS.git

CHECKOUT OPTIONS:
  Automattic-Tracks-iOS:
    :commit: 9013e6ab5fd5f26d1f38bc01117cbfc39733c6d9
    :git: https://github.com/Automattic/Automattic-Tracks-iOS.git

SPEC CHECKSUMS:
  Automattic-Tracks-iOS: 0bafb6d9286b42a5c05136699c953b7f4ac1c741
  CocoaLumberjack: 2f44e60eb91c176d471fdba43b9e3eae6a721947
  Reachability: 33e18b67625424e47b6cde6d202dce689ad7af96
  Sentry: 26f0e6492b103e87434d1a5eea2d241a36f2c2a2
  Simperium-OSX: 14761d688e7255f00d9959010f2d79255709ceab
  Sparkle: 06ea33170007c5937ee54da481b4481af98fac79

PODFILE CHECKSUM: 71af57d718ef1c78329fadeb160d2369956fcd74

COCOAPODS: 1.6.1
